
Microsoft Visual Studio Solution File, Format Version 12.00
# Visual Studio Version 16
VisualStudioVersion = 16.0.30709.132
MinimumVisualStudioVersion = 10.0.40219.1
Project("{FAE04EC0-301F-11D3-BF4B-00C04F79EFBC}") = "SodukoGameOS", "SodukoGameOS.csproj", "{156DABD0-C8A8-4B05-A0D6-9F920E006675}"
EndProject
Project("{FAE04EC0-301F-11D3-BF4B-00C04F79EFBC}") = "GameLogic", "..\GameLogic\GameLogic.csproj", "{7C582AB7-7679-435D-8FB0-1E5AC3D2BA26}"
EndProject
Global
	GlobalSection(SolutionConfigurationPlatforms) = preSolution
		Debug|Any CPU = Debug|Any CPU
		Debug|ARM = Debug|ARM
		Debug|ARM64 = Debug|ARM64
		Debug|x64 = Debug|x64
		Debug|x86 = Debug|x86
		Release|Any CPU = Release|Any CPU
		Release|ARM = Release|ARM
		Release|ARM64 = Release|ARM64
		Release|x64 = Release|x64
		Release|x86 = Release|x86
	EndGlobalSection
	GlobalSection(ProjectConfigurationPlatforms) = postSolution
		{156DABD0-C8A8-4B05-A0D6-9F920E006675}.Debug|Any CPU.ActiveCfg = Debug|x86
		{156DABD0-C8A8-4B05-A0D6-9F920E006675}.Debug|ARM.ActiveCfg = Debug|ARM
		{156DABD0-C8A8-4B05-A0D6-9F920E006675}.Debug|ARM.Build.0 = Debug|ARM
		{156DABD0-C8A8-4B05-A0D6-9F920E006675}.Debug|ARM.Deploy.0 = Debug|ARM
		{156DABD0-C8A8-4B05-A0D6-9F920E006675}.Debug|ARM64.ActiveCfg = Debug|ARM64
		{156DABD0-C8A8-4B05-A0D6-9F920E006675}.Debug|ARM64.Build.0 = Debug|ARM64
		{156DABD0-C8A8-4B05-A0D6-9F920E006675}.Debug|ARM64.Deploy.0 = Debug|ARM64
		{156DABD0-C8A8-4B05-A0D6-9F920E006675}.Debug|x64.ActiveCfg = Debug|x64
		{156DABD0-C8A8-4B05-A0D6-9F920E006675}.Debug|x64.Build.0 = Debug|x64
		{156DABD0-C8A8-4B05-A0D6-9F920E006675}.Debug|x64.Deploy.0 = Debug|x64
		{156DABD0-C8A8-4B05-A0D6-9F920E006675}.Debug|x86.ActiveCfg = Debug|x86
		{156DABD0-C8A8-4B05-A0D6-9F920E006675}.Debug|x86.Build.0 = Debug|x86
		{156DABD0-C8A8-4B05-A0D6-9F920E006675}.Debug|x86.Deploy.0 = Debug|x86
		{156DABD0-C8A8-4B05-A0D6-9F920E006675}.Release|Any CPU.ActiveCfg = Release|x86
		{156DABD0-C8A8-4B05-A0D6-9F920E006675}.Release|ARM.ActiveCfg = Release|ARM
		{156DABD0-C8A8-4B05-A0D6-9F920E006675}.Release|ARM.Build.0 = Release|ARM
		{156DABD0-C8A8-4B05-A0D6-9F920E006675}.Release|ARM.Deploy.0 = Release|ARM
		{156DABD0-C8A8-4B05-A0D6-9F920E006675}.Release|ARM64.ActiveCfg = Release|ARM64
		{156DABD0-C8A8-4B05-A0D6-9F920E006675}.Release|ARM64.Build.0 = Release|ARM64
		{156DABD0-C8A8-4B05-A0D6-9F920E006675}.Release|ARM64.Deploy.0 = Release|ARM64
		{156DABD0-C8A8-4B05-A0D6-9F920E006675}.Release|x64.ActiveCfg = Release|x64
		{156DABD0-C8A8-4B05-A0D6-9F920E006675}.Release|x64.Build.0 = Release|x64
		{156DABD0-C8A8-4B05-A0D6-9F920E006675}.Release|x64.Deploy.0 = Release|x64
		{156DABD0-C8A8-4B05-A0D6-9F920E006675}.Release|x86.ActiveCfg = Release|x86
		{156DABD0-C8A8-4B05-A0D6-9F920E006675}.Release|x86.Build.0 = Release|x86
		{156DABD0-C8A8-4B05-A0D6-9F920E006675}.Release|x86.Deploy.0 = Release|x86
		{7C582AB7-7679-435D-8FB0-1E5AC3D2BA26}.Debug|Any CPU.ActiveCfg = Debug|Any CPU
		{7C582AB7-7679-435D-8FB0-1E5AC3D2BA26}.Debug|Any CPU.Build.0 = Debug|Any CPU
		{7C582AB7-7679-435D-8FB0-1E5AC3D2BA26}.Debug|ARM.ActiveCfg = Debug|ARM
		{7C582AB7-7679-435D-8FB0-1E5AC3D2BA26}.Debug|ARM.Build.0 = Debug|ARM
		{7C582AB7-7679-435D-8FB0-1E5AC3D2BA26}.Debug|ARM64.ActiveCfg = Debug|ARM64
		{7C582AB7-7679-435D-8FB0-1E5AC3D2BA26}.Debug|ARM64.Build.0 = Debug|ARM64
		{7C582AB7-7679-435D-8FB0-1E5AC3D2BA26}.Debug|x64.ActiveCfg = Debug|x64
		{7C582AB7-7679-435D-8FB0-1E5AC3D2BA26}.Debug|x64.Build.0 = Debug|x64
		{7C582AB7-7679-435D-8FB0-1E5AC3D2BA26}.Debug|x86.ActiveCfg = Debug|x86
		{7C582AB7-7679-435D-8FB0-1E5AC3D2BA26}.Debug|x86.Build.0 = Debug|x86
		{7C582AB7-7679-435D-8FB0-1E5AC3D2BA26}.Release|Any CPU.ActiveCfg = Release|Any CPU
		{7C582AB7-7679-435D-8FB0-1E5AC3D2BA26}.Release|Any CPU.Build.0 = Release|Any CPU
		{7C582AB7-7679-435D-8FB0-1E5AC3D2BA26}.Release|ARM.ActiveCfg = Release|ARM
		{7C582AB7-7679-435D-8FB0-1E5AC3D2BA26}.Release|ARM.Build.0 = Release|ARM
		{7C582AB7-7679-435D-8FB0-1E5AC3D2BA26}.Release|ARM64.ActiveCfg = Release|ARM64
		{7C582AB7-7679-435D-8FB0-1E5AC3D2BA26}.Release|ARM64.Build.0 = Release|ARM64
		{7C582AB7-7679-435D-8FB0-1E5AC3D2BA26}.Release|x64.ActiveCfg = Release|x64
		{7C582AB7-7679-435D-8FB0-1E5AC3D2BA26}.Release|x64.Build.0 = Release|x64
		{7C582AB7-7679-435D-8FB0-1E5AC3D2BA26}.Release|x86.ActiveCfg = Release|x86
		{7C582AB7-7679-435D-8FB0-1E5AC3D2BA26}.Release|x86.Build.0 = Release|x86
	EndGlobalSection
	GlobalSection(SolutionProperties) = preSolution
		HideSolutionNode = FALSE
	EndGlobalSection
	GlobalSection(ExtensibilityGlobals) = postSolution
		SolutionGuid = {31DD9D79-758D-447D-8DA8-E2904ABF5A2B}
	EndGlobalSection
EndGlobal
